// !$*UTF8*$!
{
	archiveVersion = 1;
	classes = {
	};
	objectVersion = 46;
	objects = {

/* Begin PBXBuildFile section */
		1A49E13014009DDF0033963B /* GameBoard.m in Sources */ = {isa = PBXBuildFile; fileRef = 1A49E12F14009DDF0033963B /* GameBoard.m */; };
		1A49E13114009DDF0033963B /* GameBoard.m in Sources */ = {isa = PBXBuildFile; fileRef = 1A49E12F14009DDF0033963B /* GameBoard.m */; };
		1A49E13514009E4E0033963B /* GameMove.m in Sources */ = {isa = PBXBuildFile; fileRef = 1A49E13414009E4E0033963B /* GameMove.m */; };
		1A49E13614009E4E0033963B /* GameMove.m in Sources */ = {isa = PBXBuildFile; fileRef = 1A49E13414009E4E0033963B /* GameMove.m */; };
		1A49E1391400A0040033963B /* Player.m in Sources */ = {isa = PBXBuildFile; fileRef = 1A49E1381400A0040033963B /* Player.m */; };
		1A49E13A1400A0040033963B /* Player.m in Sources */ = {isa = PBXBuildFile; fileRef = 1A49E1381400A0040033963B /* Player.m */; };
		1A4A6585140162B100A45B7E /* ball-black.png in Resources */ = {isa = PBXBuildFile; fileRef = 1A4A6571140162B100A45B7E /* ball-black.png */; };
		1A4A658B140162B100A45B7E /* ball-red.png in Resources */ = {isa = PBXBuildFile; fileRef = 1A4A6577140162B100A45B7E /* ball-red.png */; };
		1A4A658C140162B100A45B7E /* ball-white.png in Resources */ = {isa = PBXBuildFile; fileRef = 1A4A6578140162B100A45B7E /* ball-white.png */; };
		1A4DD743140055F10042A3E9 /* libTestFlight.a in Frameworks */ = {isa = PBXBuildFile; fileRef = 1A4DD740140055F10042A3E9 /* libTestFlight.a */; };
		1A4DD748140058D50042A3E9 /* testflighticon.png in Resources */ = {isa = PBXBuildFile; fileRef = 1A4DD747140058D50042A3E9 /* testflighticon.png */; };
		1A51ED8614005DBB000E29E7 /* BoardGameView.m in Sources */ = {isa = PBXBuildFile; fileRef = 1A51ED8514005DBB000E29E7 /* BoardGameView.m */; };
		1A65A014140062E000BA36D6 /* QuartzCore.framework in Frameworks */ = {isa = PBXBuildFile; fileRef = 1A65A013140062E000BA36D6 /* QuartzCore.framework */; };
		1A70771D14007183007E812E /* wood_red_64.png in Resources */ = {isa = PBXBuildFile; fileRef = 1A70771B14007183007E812E /* wood_red_64.png */; };
		1A70771E14007183007E812E /* wood_light_64.png in Resources */ = {isa = PBXBuildFile; fileRef = 1A70771C14007183007E812E /* wood_light_64.png */; };
		1A707721140072E5007E812E /* wood_background_1024.png in Resources */ = {isa = PBXBuildFile; fileRef = 1A707720140072E4007E812E /* wood_background_1024.png */; };
		1A93567113FC4C6400B04DE1 /* UIKit.framework in Frameworks */ = {isa = PBXBuildFile; fileRef = 1A93567013FC4C6400B04DE1 /* UIKit.framework */; };
		1A93567313FC4C6400B04DE1 /* Foundation.framework in Frameworks */ = {isa = PBXBuildFile; fileRef = 1A93567213FC4C6400B04DE1 /* Foundation.framework */; };
		1A93567913FC4C6400B04DE1 /* InfoPlist.strings in Resources */ = {isa = PBXBuildFile; fileRef = 1A93567713FC4C6400B04DE1 /* InfoPlist.strings */; };
		1A93567B13FC4C6400B04DE1 /* main.m in Sources */ = {isa = PBXBuildFile; fileRef = 1A93567A13FC4C6400B04DE1 /* main.m */; };
		1A93567F13FC4C6500B04DE1 /* AppDelegate.m in Sources */ = {isa = PBXBuildFile; fileRef = 1A93567E13FC4C6500B04DE1 /* AppDelegate.m */; };
		1A93568213FC4C6500B04DE1 /* ViewController.m in Sources */ = {isa = PBXBuildFile; fileRef = 1A93568113FC4C6500B04DE1 /* ViewController.m */; };
		1A93568513FC4C6500B04DE1 /* ViewController_iPhone.xib in Resources */ = {isa = PBXBuildFile; fileRef = 1A93568313FC4C6500B04DE1 /* ViewController_iPhone.xib */; };
		1A93568813FC4C6500B04DE1 /* ViewController_iPad.xib in Resources */ = {isa = PBXBuildFile; fileRef = 1A93568613FC4C6500B04DE1 /* ViewController_iPad.xib */; };
		1A93569013FC4C6500B04DE1 /* SenTestingKit.framework in Frameworks */ = {isa = PBXBuildFile; fileRef = 1A93568F13FC4C6500B04DE1 /* SenTestingKit.framework */; };
		1A93569113FC4C6500B04DE1 /* UIKit.framework in Frameworks */ = {isa = PBXBuildFile; fileRef = 1A93567013FC4C6400B04DE1 /* UIKit.framework */; };
		1A93569213FC4C6500B04DE1 /* Foundation.framework in Frameworks */ = {isa = PBXBuildFile; fileRef = 1A93567213FC4C6400B04DE1 /* Foundation.framework */; };
		1A93569A13FC4C6500B04DE1 /* InfoPlist.strings in Resources */ = {isa = PBXBuildFile; fileRef = 1A93569813FC4C6500B04DE1 /* InfoPlist.strings */; };
		1A93569D13FC4C6500B04DE1 /* boardtestTests.m in Sources */ = {isa = PBXBuildFile; fileRef = 1A93569C13FC4C6500B04DE1 /* boardtestTests.m */; };
		1A9356AF13FC4CA400B04DE1 /* wood_light.jpg in Resources */ = {isa = PBXBuildFile; fileRef = 1A9356A713FC4CA400B04DE1 /* wood_light.jpg */; };
		1A9356B113FC4CA400B04DE1 /* wood_light_light.jpg in Resources */ = {isa = PBXBuildFile; fileRef = 1A9356A913FC4CA400B04DE1 /* wood_light_light.jpg */; };
		1A9356B313FC4CA400B04DE1 /* wood_red.jpg in Resources */ = {isa = PBXBuildFile; fileRef = 1A9356AB13FC4CA400B04DE1 /* wood_red.jpg */; };
		1A9356B513FC4CA400B04DE1 /* wood_soft_light.jpg in Resources */ = {isa = PBXBuildFile; fileRef = 1A9356AD13FC4CA400B04DE1 /* wood_soft_light.jpg */; };
		1AC7F6D114004FD80072ADAB /* GitTagBundleVersion.sh in Resources */ = {isa = PBXBuildFile; fileRef = 1AC7F6D014004FD80072ADAB /* GitTagBundleVersion.sh */; };
		1ACE0FD913FC547900C93597 /* Entitlements.plist in Resources */ = {isa = PBXBuildFile; fileRef = 1ACE0FD813FC547900C93597 /* Entitlements.plist */; };
/* End PBXBuildFile section */

/* Begin PBXContainerItemProxy section */
		1A93569313FC4C6500B04DE1 /* PBXContainerItemProxy */ = {
			isa = PBXContainerItemProxy;
			containerPortal = 1A93566313FC4C6400B04DE1 /* Project object */;
			proxyType = 1;
			remoteGlobalIDString = 1A93566B13FC4C6400B04DE1;
			remoteInfo = boardtest;
		};
/* End PBXContainerItemProxy section */

/* Begin PBXFileReference section */
		1A49E12E14009DDF0033963B /* GameBoard.h */ = {isa = PBXFileReference; fileEncoding = 4; lastKnownFileType = sourcecode.c.h; path = GameBoard.h; sourceTree = "<group>"; };
		1A49E12F14009DDF0033963B /* GameBoard.m */ = {isa = PBXFileReference; fileEncoding = 4; lastKnownFileType = sourcecode.c.objc; path = GameBoard.m; sourceTree = "<group>"; };
		1A49E13314009E4E0033963B /* GameMove.h */ = {isa = PBXFileReference; fileEncoding = 4; lastKnownFileType = sourcecode.c.h; path = GameMove.h; sourceTree = "<group>"; };
		1A49E13414009E4E0033963B /* GameMove.m */ = {isa = PBXFileReference; fileEncoding = 4; lastKnownFileType = sourcecode.c.objc; path = GameMove.m; sourceTree = "<group>"; };
		1A49E1371400A0040033963B /* Player.h */ = {isa = PBXFileReference; fileEncoding = 4; lastKnownFileType = sourcecode.c.h; path = Player.h; sourceTree = "<group>"; };
		1A49E1381400A0040033963B /* Player.m */ = {isa = PBXFileReference; fileEncoding = 4; lastKnownFileType = sourcecode.c.objc; path = Player.m; sourceTree = "<group>"; };
		1A4A656E1401515B00A45B7E /* constants.h */ = {isa = PBXFileReference; fileEncoding = 4; lastKnownFileType = sourcecode.c.h; path = constants.h; sourceTree = "<group>"; };
		1A4A6571140162B100A45B7E /* ball-black.png */ = {isa = PBXFileReference; lastKnownFileType = image.png; path = "ball-black.png"; sourceTree = "<group>"; };
		1A4A6572140162B100A45B7E /* ball-cyan.png */ = {isa = PBXFileReference; lastKnownFileType = image.png; path = "ball-cyan.png"; sourceTree = "<group>"; };
		1A4A6573140162B100A45B7E /* ball-gray.png */ = {isa = PBXFileReference; lastKnownFileType = image.png; path = "ball-gray.png"; sourceTree = "<group>"; };
		1A4A6574140162B100A45B7E /* ball-green.png */ = {isa = PBXFileReference; lastKnownFileType = image.png; path = "ball-green.png"; sourceTree = "<group>"; };
		1A4A6575140162B100A45B7E /* ball-orange.png */ = {isa = PBXFileReference; lastKnownFileType = image.png; path = "ball-orange.png"; sourceTree = "<group>"; };
		1A4A6576140162B100A45B7E /* ball-purple.png */ = {isa = PBXFileReference; lastKnownFileType = image.png; path = "ball-purple.png"; sourceTree = "<group>"; };
		1A4A6577140162B100A45B7E /* ball-red.png */ = {isa = PBXFileReference; lastKnownFileType = image.png; path = "ball-red.png"; sourceTree = "<group>"; };
		1A4A6578140162B100A45B7E /* ball-white.png */ = {isa = PBXFileReference; lastKnownFileType = image.png; path = "ball-white.png"; sourceTree = "<group>"; };
		1A4A657A140162B100A45B7E /* Blue.png */ = {isa = PBXFileReference; lastKnownFileType = image.png; path = Blue.png; sourceTree = "<group>"; };
		1A4A657B140162B100A45B7E /* Gold.png */ = {isa = PBXFileReference; lastKnownFileType = image.png; path = Gold.png; sourceTree = "<group>"; };
		1A4A657C140162B100A45B7E /* Green.png */ = {isa = PBXFileReference; lastKnownFileType = image.png; path = Green.png; sourceTree = "<group>"; };
		1A4A657D140162B100A45B7E /* Red.png */ = {isa = PBXFileReference; lastKnownFileType = image.png; path = Red.png; sourceTree = "<group>"; };
		1A4A657E140162B100A45B7E /* Violet.png */ = {isa = PBXFileReference; lastKnownFileType = image.png; path = Violet.png; sourceTree = "<group>"; };
		1A4A657F140162B100A45B7E /* Green Ball.png */ = {isa = PBXFileReference; lastKnownFileType = image.png; path = "Green Ball.png"; sourceTree = "<group>"; };
		1A4A6580140162B100A45B7E /* Red Ball.png */ = {isa = PBXFileReference; lastKnownFileType = image.png; path = "Red Ball.png"; sourceTree = "<group>"; };
		1A4A6581140162B100A45B7E /* Stone-black.png */ = {isa = PBXFileReference; lastKnownFileType = image.png; path = "Stone-black.png"; sourceTree = "<group>"; };
		1A4A6582140162B100A45B7E /* Stone-white.png */ = {isa = PBXFileReference; lastKnownFileType = image.png; path = "Stone-white.png"; sourceTree = "<group>"; };
		1A4A6583140162B100A45B7E /* White Ball.png */ = {isa = PBXFileReference; lastKnownFileType = image.png; path = "White Ball.png"; sourceTree = "<group>"; };
		1A4A6584140162B100A45B7E /* Yellow Ball.png */ = {isa = PBXFileReference; lastKnownFileType = image.png; path = "Yellow Ball.png"; sourceTree = "<group>"; };
		1A4DD73E140055F10042A3E9 /* README.txt */ = {isa = PBXFileReference; fileEncoding = 4; lastKnownFileType = text; path = README.txt; sourceTree = "<group>"; };
		1A4DD73F140055F10042A3E9 /* TestFlight.h */ = {isa = PBXFileReference; fileEncoding = 4; lastKnownFileType = sourcecode.c.h; path = TestFlight.h; sourceTree = "<group>"; };
		1A4DD740140055F10042A3E9 /* libTestFlight.a */ = {isa = PBXFileReference; lastKnownFileType = archive.ar; path = libTestFlight.a; sourceTree = "<group>"; };
		1A4DD741140055F10042A3E9 /* release_notes.txt */ = {isa = PBXFileReference; fileEncoding = 4; lastKnownFileType = text; path = release_notes.txt; sourceTree = "<group>"; };
		1A4DD747140058D50042A3E9 /* testflighticon.png */ = {isa = PBXFileReference; lastKnownFileType = image.png; path = testflighticon.png; sourceTree = "<group>"; };
		1A51ED8414005DBB000E29E7 /* BoardGameView.h */ = {isa = PBXFileReference; fileEncoding = 4; lastKnownFileType = sourcecode.c.h; path = BoardGameView.h; sourceTree = "<group>"; };
		1A51ED8514005DBB000E29E7 /* BoardGameView.m */ = {isa = PBXFileReference; fileEncoding = 4; lastKnownFileType = sourcecode.c.objc; path = BoardGameView.m; sourceTree = "<group>"; };
		1A65A013140062E000BA36D6 /* QuartzCore.framework */ = {isa = PBXFileReference; lastKnownFileType = wrapper.framework; name = QuartzCore.framework; path = System/Library/Frameworks/QuartzCore.framework; sourceTree = SDKROOT; };
		1A70771B14007183007E812E /* wood_red_64.png */ = {isa = PBXFileReference; lastKnownFileType = image.png; path = wood_red_64.png; sourceTree = "<group>"; };
		1A70771C14007183007E812E /* wood_light_64.png */ = {isa = PBXFileReference; lastKnownFileType = image.png; path = wood_light_64.png; sourceTree = "<group>"; };
		1A707720140072E4007E812E /* wood_background_1024.png */ = {isa = PBXFileReference; lastKnownFileType = image.png; path = wood_background_1024.png; sourceTree = "<group>"; };
		1A93566C13FC4C6400B04DE1 /* boardtest.app */ = {isa = PBXFileReference; explicitFileType = wrapper.application; includeInIndex = 0; path = boardtest.app; sourceTree = BUILT_PRODUCTS_DIR; };
		1A93567013FC4C6400B04DE1 /* UIKit.framework */ = {isa = PBXFileReference; lastKnownFileType = wrapper.framework; name = UIKit.framework; path = System/Library/Frameworks/UIKit.framework; sourceTree = SDKROOT; };
		1A93567213FC4C6400B04DE1 /* Foundation.framework */ = {isa = PBXFileReference; lastKnownFileType = wrapper.framework; name = Foundation.framework; path = System/Library/Frameworks/Foundation.framework; sourceTree = SDKROOT; };
		1A93567613FC4C6400B04DE1 /* boardtest-Info.plist */ = {isa = PBXFileReference; lastKnownFileType = text.plist.xml; path = "boardtest-Info.plist"; sourceTree = "<group>"; };
		1A93567813FC4C6400B04DE1 /* en */ = {isa = PBXFileReference; lastKnownFileType = text.plist.strings; name = en; path = en.lproj/InfoPlist.strings; sourceTree = "<group>"; };
		1A93567A13FC4C6400B04DE1 /* main.m */ = {isa = PBXFileReference; lastKnownFileType = sourcecode.c.objc; path = main.m; sourceTree = "<group>"; };
		1A93567C13FC4C6400B04DE1 /* boardtest-Prefix.pch */ = {isa = PBXFileReference; lastKnownFileType = sourcecode.c.h; path = "boardtest-Prefix.pch"; sourceTree = "<group>"; };
		1A93567D13FC4C6500B04DE1 /* AppDelegate.h */ = {isa = PBXFileReference; lastKnownFileType = sourcecode.c.h; path = AppDelegate.h; sourceTree = "<group>"; };
		1A93567E13FC4C6500B04DE1 /* AppDelegate.m */ = {isa = PBXFileReference; lastKnownFileType = sourcecode.c.objc; path = AppDelegate.m; sourceTree = "<group>"; };
		1A93568013FC4C6500B04DE1 /* ViewController.h */ = {isa = PBXFileReference; lastKnownFileType = sourcecode.c.h; path = ViewController.h; sourceTree = "<group>"; };
		1A93568113FC4C6500B04DE1 /* ViewController.m */ = {isa = PBXFileReference; lastKnownFileType = sourcecode.c.objc; path = ViewController.m; sourceTree = "<group>"; };
		1A93568413FC4C6500B04DE1 /* en */ = {isa = PBXFileReference; lastKnownFileType = file.xib; name = en; path = en.lproj/ViewController_iPhone.xib; sourceTree = "<group>"; };
		1A93568713FC4C6500B04DE1 /* en */ = {isa = PBXFileReference; lastKnownFileType = file.xib; name = en; path = en.lproj/ViewController_iPad.xib; sourceTree = "<group>"; };
		1A93568E13FC4C6500B04DE1 /* boardtestTests.octest */ = {isa = PBXFileReference; explicitFileType = wrapper.cfbundle; includeInIndex = 0; path = boardtestTests.octest; sourceTree = BUILT_PRODUCTS_DIR; };
		1A93568F13FC4C6500B04DE1 /* SenTestingKit.framework */ = {isa = PBXFileReference; lastKnownFileType = wrapper.framework; name = SenTestingKit.framework; path = Library/Frameworks/SenTestingKit.framework; sourceTree = DEVELOPER_DIR; };
		1A93569713FC4C6500B04DE1 /* boardtestTests-Info.plist */ = {isa = PBXFileReference; lastKnownFileType = text.plist.xml; path = "boardtestTests-Info.plist"; sourceTree = "<group>"; };
		1A93569913FC4C6500B04DE1 /* en */ = {isa = PBXFileReference; lastKnownFileType = text.plist.strings; name = en; path = en.lproj/InfoPlist.strings; sourceTree = "<group>"; };
		1A93569B13FC4C6500B04DE1 /* boardtestTests.h */ = {isa = PBXFileReference; lastKnownFileType = sourcecode.c.h; path = boardtestTests.h; sourceTree = "<group>"; };
		1A93569C13FC4C6500B04DE1 /* boardtestTests.m */ = {isa = PBXFileReference; lastKnownFileType = sourcecode.c.objc; path = boardtestTests.m; sourceTree = "<group>"; };
		1A9356A713FC4CA400B04DE1 /* wood_light.jpg */ = {isa = PBXFileReference; lastKnownFileType = image.jpeg; path = wood_light.jpg; sourceTree = "<group>"; };
		1A9356A813FC4CA400B04DE1 /* wood_light_b.jpg */ = {isa = PBXFileReference; lastKnownFileType = image.jpeg; path = wood_light_b.jpg; sourceTree = "<group>"; };
		1A9356A913FC4CA400B04DE1 /* wood_light_light.jpg */ = {isa = PBXFileReference; lastKnownFileType = image.jpeg; path = wood_light_light.jpg; sourceTree = "<group>"; };
		1A9356AA13FC4CA400B04DE1 /* wood_light_light_b.jpg */ = {isa = PBXFileReference; lastKnownFileType = image.jpeg; path = wood_light_light_b.jpg; sourceTree = "<group>"; };
		1A9356AB13FC4CA400B04DE1 /* wood_red.jpg */ = {isa = PBXFileReference; lastKnownFileType = image.jpeg; path = wood_red.jpg; sourceTree = "<group>"; };
		1A9356AC13FC4CA400B04DE1 /* wood_red_b.jpg */ = {isa = PBXFileReference; lastKnownFileType = image.jpeg; path = wood_red_b.jpg; sourceTree = "<group>"; };
		1A9356AD13FC4CA400B04DE1 /* wood_soft_light.jpg */ = {isa = PBXFileReference; lastKnownFileType = image.jpeg; path = wood_soft_light.jpg; sourceTree = "<group>"; };
		1A9356AE13FC4CA400B04DE1 /* wood_soft_light_b.jpg */ = {isa = PBXFileReference; lastKnownFileType = image.jpeg; path = wood_soft_light_b.jpg; sourceTree = "<group>"; };
		1AC7F6D014004FD80072ADAB /* GitTagBundleVersion.sh */ = {isa = PBXFileReference; fileEncoding = 4; lastKnownFileType = text.script.sh; path = GitTagBundleVersion.sh; sourceTree = SOURCE_ROOT; };
		1ACE0FD813FC547900C93597 /* Entitlements.plist */ = {isa = PBXFileReference; fileEncoding = 4; lastKnownFileType = text.plist.xml; path = Entitlements.plist; sourceTree = SOURCE_ROOT; };
/* End PBXFileReference section */

/* Begin PBXFrameworksBuildPhase section */
		1A93566913FC4C6400B04DE1 /* Frameworks */ = {
			isa = PBXFrameworksBuildPhase;
			buildActionMask = 2147483647;
			files = (
				1A65A014140062E000BA36D6 /* QuartzCore.framework in Frameworks */,
				1A93567113FC4C6400B04DE1 /* UIKit.framework in Frameworks */,
				1A93567313FC4C6400B04DE1 /* Foundation.framework in Frameworks */,
				1A4DD743140055F10042A3E9 /* libTestFlight.a in Frameworks */,
			);
			runOnlyForDeploymentPostprocessing = 0;
		};
		1A93568A13FC4C6500B04DE1 /* Frameworks */ = {
			isa = PBXFrameworksBuildPhase;
			buildActionMask = 2147483647;
			files = (
				1A93569013FC4C6500B04DE1 /* SenTestingKit.framework in Frameworks */,
				1A93569113FC4C6500B04DE1 /* UIKit.framework in Frameworks */,
				1A93569213FC4C6500B04DE1 /* Foundation.framework in Frameworks */,
			);
			runOnlyForDeploymentPostprocessing = 0;
		};
/* End PBXFrameworksBuildPhase section */

/* Begin PBXGroup section */
		1A4A6570140162B100A45B7E /* Balls */ = {
			isa = PBXGroup;
			children = (
				1A4A6571140162B100A45B7E /* ball-black.png */,
				1A4A6572140162B100A45B7E /* ball-cyan.png */,
				1A4A6573140162B100A45B7E /* ball-gray.png */,
				1A4A6574140162B100A45B7E /* ball-green.png */,
				1A4A6575140162B100A45B7E /* ball-orange.png */,
				1A4A6576140162B100A45B7E /* ball-purple.png */,
				1A4A6577140162B100A45B7E /* ball-red.png */,
				1A4A6578140162B100A45B7E /* ball-white.png */,
			);
			path = Balls;
			sourceTree = "<group>";
		};
		1A4A6579140162B100A45B7E /* Gingko */ = {
			isa = PBXGroup;
			children = (
				1A4A657A140162B100A45B7E /* Blue.png */,
				1A4A657B140162B100A45B7E /* Gold.png */,
				1A4A657C140162B100A45B7E /* Green.png */,
				1A4A657D140162B100A45B7E /* Red.png */,
				1A4A657E140162B100A45B7E /* Violet.png */,
			);
			path = Gingko;
			sourceTree = "<group>";
		};
		1A4DD73D140055F10042A3E9 /* testflightSDK */ = {
			isa = PBXGroup;
			children = (
				1A4DD73E140055F10042A3E9 /* README.txt */,
				1A4DD73F140055F10042A3E9 /* TestFlight.h */,
				1A4DD740140055F10042A3E9 /* libTestFlight.a */,
				1A4DD741140055F10042A3E9 /* release_notes.txt */,
			);
			path = testflightSDK;
			sourceTree = "<group>";
		};
		1A4DD746140058D50042A3E9 /* img */ = {
			isa = PBXGroup;
			children = (
				1A4A6570140162B100A45B7E /* Balls */,
				1A4A6579140162B100A45B7E /* Gingko */,
				1A4A657F140162B100A45B7E /* Green Ball.png */,
				1A4A6580140162B100A45B7E /* Red Ball.png */,
				1A4A6581140162B100A45B7E /* Stone-black.png */,
				1A4A6582140162B100A45B7E /* Stone-white.png */,
				1A4A6583140162B100A45B7E /* White Ball.png */,
				1A4A6584140162B100A45B7E /* Yellow Ball.png */,
				1A707720140072E4007E812E /* wood_background_1024.png */,
				1A70771B14007183007E812E /* wood_red_64.png */,
				1A70771C14007183007E812E /* wood_light_64.png */,
				1A4DD747140058D50042A3E9 /* testflighticon.png */,
			);
			path = img;
			sourceTree = "<group>";
		};
		1A93566113FC4C6400B04DE1 = {
			isa = PBXGroup;
			children = (
				1A4DD73D140055F10042A3E9 /* testflightSDK */,
				1A93567413FC4C6400B04DE1 /* boardtest */,
				1A93569513FC4C6500B04DE1 /* boardtestTests */,
				1A93566F13FC4C6400B04DE1 /* Frameworks */,
				1A93566D13FC4C6400B04DE1 /* Products */,
			);
			sourceTree = "<group>";
		};
		1A93566D13FC4C6400B04DE1 /* Products */ = {
			isa = PBXGroup;
			children = (
				1A93566C13FC4C6400B04DE1 /* boardtest.app */,
				1A93568E13FC4C6500B04DE1 /* boardtestTests.octest */,
			);
			name = Products;
			sourceTree = "<group>";
		};
		1A93566F13FC4C6400B04DE1 /* Frameworks */ = {
			isa = PBXGroup;
			children = (
				1A65A013140062E000BA36D6 /* QuartzCore.framework */,
				1A93567013FC4C6400B04DE1 /* UIKit.framework */,
				1A93567213FC4C6400B04DE1 /* Foundation.framework */,
				1A93568F13FC4C6500B04DE1 /* SenTestingKit.framework */,
			);
			name = Frameworks;
			sourceTree = "<group>";
		};
		1A93567413FC4C6400B04DE1 /* boardtest */ = {
			isa = PBXGroup;
			children = (
				1A4A656E1401515B00A45B7E /* constants.h */,
				1A93567D13FC4C6500B04DE1 /* AppDelegate.h */,
				1A49E1371400A0040033963B /* Player.h */,
				1A49E1381400A0040033963B /* Player.m */,
				1A49E13314009E4E0033963B /* GameMove.h */,
				1A49E13414009E4E0033963B /* GameMove.m */,
				1A49E12E14009DDF0033963B /* GameBoard.h */,
				1A49E12F14009DDF0033963B /* GameBoard.m */,
				1A93567E13FC4C6500B04DE1 /* AppDelegate.m */,
				1A51ED8414005DBB000E29E7 /* BoardGameView.h */,
				1A51ED8514005DBB000E29E7 /* BoardGameView.m */,
				1A93568013FC4C6500B04DE1 /* ViewController.h */,
				1A93568113FC4C6500B04DE1 /* ViewController.m */,
				1A93568313FC4C6500B04DE1 /* ViewController_iPhone.xib */,
				1A93568613FC4C6500B04DE1 /* ViewController_iPad.xib */,
				1A93567513FC4C6400B04DE1 /* Supporting Files */,
			);
			path = boardtest;
			sourceTree = "<group>";
		};
		1A93567513FC4C6400B04DE1 /* Supporting Files */ = {
			isa = PBXGroup;
			children = (
				1A4DD746140058D50042A3E9 /* img */,
				1AC7F6D014004FD80072ADAB /* GitTagBundleVersion.sh */,
				1ACE0FD813FC547900C93597 /* Entitlements.plist */,
				1A9356A613FC4CA400B04DE1 /* woodpack */,
				1A93567613FC4C6400B04DE1 /* boardtest-Info.plist */,
				1A93567713FC4C6400B04DE1 /* InfoPlist.strings */,
				1A93567A13FC4C6400B04DE1 /* main.m */,
				1A93567C13FC4C6400B04DE1 /* boardtest-Prefix.pch */,
			);
			name = "Supporting Files";
			sourceTree = "<group>";
		};
		1A93569513FC4C6500B04DE1 /* boardtestTests */ = {
			isa = PBXGroup;
			children = (
				1A93569B13FC4C6500B04DE1 /* boardtestTests.h */,
				1A93569C13FC4C6500B04DE1 /* boardtestTests.m */,
				1A93569613FC4C6500B04DE1 /* Supporting Files */,
			);
			path = boardtestTests;
			sourceTree = "<group>";
		};
		1A93569613FC4C6500B04DE1 /* Supporting Files */ = {
			isa = PBXGroup;
			children = (
				1A93569713FC4C6500B04DE1 /* boardtestTests-Info.plist */,
				1A93569813FC4C6500B04DE1 /* InfoPlist.strings */,
			);
			name = "Supporting Files";
			sourceTree = "<group>";
		};
		1A9356A613FC4CA400B04DE1 /* woodpack */ = {
			isa = PBXGroup;
			children = (
				1A9356A713FC4CA400B04DE1 /* wood_light.jpg */,
				1A9356A813FC4CA400B04DE1 /* wood_light_b.jpg */,
				1A9356A913FC4CA400B04DE1 /* wood_light_light.jpg */,
				1A9356AA13FC4CA400B04DE1 /* wood_light_light_b.jpg */,
				1A9356AB13FC4CA400B04DE1 /* wood_red.jpg */,
				1A9356AC13FC4CA400B04DE1 /* wood_red_b.jpg */,
				1A9356AD13FC4CA400B04DE1 /* wood_soft_light.jpg */,
				1A9356AE13FC4CA400B04DE1 /* wood_soft_light_b.jpg */,
			);
			path = woodpack;
			sourceTree = "<group>";
		};
/* End PBXGroup section */

/* Begin PBXNativeTarget section */
		1A93566B13FC4C6400B04DE1 /* boardtest */ = {
			isa = PBXNativeTarget;
			buildConfigurationList = 1A9356A013FC4C6500B04DE1 /* Build configuration list for PBXNativeTarget "boardtest" */;
			buildPhases = (
				1AC7F6CE14004FAE0072ADAB /* ShellScript */,
				1A93566813FC4C6400B04DE1 /* Sources */,
				1A93566913FC4C6400B04DE1 /* Frameworks */,
				1A93566A13FC4C6400B04DE1 /* Resources */,
			);
			buildRules = (
			);
			dependencies = (
			);
			name = boardtest;
			productName = boardtest;
			productReference = 1A93566C13FC4C6400B04DE1 /* boardtest.app */;
			productType = "com.apple.product-type.application";
		};
		1A93568D13FC4C6500B04DE1 /* boardtestTests */ = {
			isa = PBXNativeTarget;
			buildConfigurationList = 1A9356A313FC4C6500B04DE1 /* Build configuration list for PBXNativeTarget "boardtestTests" */;
			buildPhases = (
				1A93568913FC4C6500B04DE1 /* Sources */,
				1A93568A13FC4C6500B04DE1 /* Frameworks */,
				1A93568B13FC4C6500B04DE1 /* Resources */,
				1A93568C13FC4C6500B04DE1 /* ShellScript */,
			);
			buildRules = (
			);
			dependencies = (
				1A93569413FC4C6500B04DE1 /* PBXTargetDependency */,
			);
			name = boardtestTests;
			productName = boardtestTests;
			productReference = 1A93568E13FC4C6500B04DE1 /* boardtestTests.octest */;
			productType = "com.apple.product-type.bundle";
		};
/* End PBXNativeTarget section */

/* Begin PBXProject section */
		1A93566313FC4C6400B04DE1 /* Project object */ = {
			isa = PBXProject;
			attributes = {
				LastUpgradeCheck = 0420;
				ORGANIZATIONNAME = "Nebula, Inc";
			};
			buildConfigurationList = 1A93566613FC4C6400B04DE1 /* Build configuration list for PBXProject "boardtest" */;
			compatibilityVersion = "Xcode 3.2";
			developmentRegion = English;
			hasScannedForEncodings = 0;
			knownRegions = (
				en,
			);
			mainGroup = 1A93566113FC4C6400B04DE1;
			productRefGroup = 1A93566D13FC4C6400B04DE1 /* Products */;
			projectDirPath = "";
			projectRoot = "";
			targets = (
				1A93566B13FC4C6400B04DE1 /* boardtest */,
				1A93568D13FC4C6500B04DE1 /* boardtestTests */,
			);
		};
/* End PBXProject section */

/* Begin PBXResourcesBuildPhase section */
		1A93566A13FC4C6400B04DE1 /* Resources */ = {
			isa = PBXResourcesBuildPhase;
			buildActionMask = 2147483647;
			files = (
				1A93567913FC4C6400B04DE1 /* InfoPlist.strings in Resources */,
				1A93568513FC4C6500B04DE1 /* ViewController_iPhone.xib in Resources */,
				1A93568813FC4C6500B04DE1 /* ViewController_iPad.xib in Resources */,
				1A9356AF13FC4CA400B04DE1 /* wood_light.jpg in Resources */,
				1A9356B113FC4CA400B04DE1 /* wood_light_light.jpg in Resources */,
				1A9356B313FC4CA400B04DE1 /* wood_red.jpg in Resources */,
				1A9356B513FC4CA400B04DE1 /* wood_soft_light.jpg in Resources */,
				1ACE0FD913FC547900C93597 /* Entitlements.plist in Resources */,
				1AC7F6D114004FD80072ADAB /* GitTagBundleVersion.sh in Resources */,
				1A4DD748140058D50042A3E9 /* testflighticon.png in Resources */,
				1A70771D14007183007E812E /* wood_red_64.png in Resources */,
				1A70771E14007183007E812E /* wood_light_64.png in Resources */,
				1A707721140072E5007E812E /* wood_background_1024.png in Resources */,
				1A4A6585140162B100A45B7E /* ball-black.png in Resources */,
				1A4A658B140162B100A45B7E /* ball-red.png in Resources */,
				1A4A658C140162B100A45B7E /* ball-white.png in Resources */,
			);
			runOnlyForDeploymentPostprocessing = 0;
		};
		1A93568B13FC4C6500B04DE1 /* Resources */ = {
			isa = PBXResourcesBuildPhase;
			buildActionMask = 2147483647;
			files = (
				1A93569A13FC4C6500B04DE1 /* InfoPlist.strings in Resources */,
			);
			runOnlyForDeploymentPostprocessing = 0;
		};
/* End PBXResourcesBuildPhase section */

/* Begin PBXShellScriptBuildPhase section */
		1A93568C13FC4C6500B04DE1 /* ShellScript */ = {
			isa = PBXShellScriptBuildPhase;
			buildActionMask = 2147483647;
			files = (
			);
			inputPaths = (
			);
			outputPaths = (
			);
			runOnlyForDeploymentPostprocessing = 0;
			shellPath = /bin/sh;
			shellScript = "# Run the unit tests in this test bundle.\n\"${SYSTEM_DEVELOPER_DIR}/Tools/RunUnitTests\"\n";
		};
		1AC7F6CE14004FAE0072ADAB /* ShellScript */ = {
			isa = PBXShellScriptBuildPhase;
			buildActionMask = 2147483647;
			files = (
			);
			inputPaths = (
			);
			outputPaths = (
			);
			runOnlyForDeploymentPostprocessing = 0;
			shellPath = /bin/sh;
			shellScript = "$(pwd)/GitTagBundleVersion.sh";
		};
/* End PBXShellScriptBuildPhase section */

/* Begin PBXSourcesBuildPhase section */
		1A93566813FC4C6400B04DE1 /* Sources */ = {
			isa = PBXSourcesBuildPhase;
			buildActionMask = 2147483647;
			files = (
				1A93567B13FC4C6400B04DE1 /* main.m in Sources */,
				1A93567F13FC4C6500B04DE1 /* AppDelegate.m in Sources */,
				1A93568213FC4C6500B04DE1 /* ViewController.m in Sources */,
				1A51ED8614005DBB000E29E7 /* BoardGameView.m in Sources */,
				1A49E13014009DDF0033963B /* GameBoard.m in Sources */,
				1A49E13514009E4E0033963B /* GameMove.m in Sources */,
				1A49E1391400A0040033963B /* Player.m in Sources */,
			);
			runOnlyForDeploymentPostprocessing = 0;
		};
		1A93568913FC4C6500B04DE1 /* Sources */ = {
			isa = PBXSourcesBuildPhase;
			buildActionMask = 2147483647;
			files = (
				1A93569D13FC4C6500B04DE1 /* boardtestTests.m in Sources */,
				1A49E13114009DDF0033963B /* GameBoard.m in Sources */,
				1A49E13614009E4E0033963B /* GameMove.m in Sources */,
				1A49E13A1400A0040033963B /* Player.m in Sources */,
			);
			runOnlyForDeploymentPostprocessing = 0;
		};
/* End PBXSourcesBuildPhase section */

/* Begin PBXTargetDependency section */
		1A93569413FC4C6500B04DE1 /* PBXTargetDependency */ = {
			isa = PBXTargetDependency;
			target = 1A93566B13FC4C6400B04DE1 /* boardtest */;
			targetProxy = 1A93569313FC4C6500B04DE1 /* PBXContainerItemProxy */;
		};
/* End PBXTargetDependency section */

/* Begin PBXVariantGroup section */
		1A93567713FC4C6400B04DE1 /* InfoPlist.strings */ = {
			isa = PBXVariantGroup;
			children = (
				1A93567813FC4C6400B04DE1 /* en */,
			);
			name = InfoPlist.strings;
			sourceTree = "<group>";
		};
		1A93568313FC4C6500B04DE1 /* ViewController_iPhone.xib */ = {
			isa = PBXVariantGroup;
			children = (
				1A93568413FC4C6500B04DE1 /* en */,
			);
			name = ViewController_iPhone.xib;
			sourceTree = "<group>";
		};
		1A93568613FC4C6500B04DE1 /* ViewController_iPad.xib */ = {
			isa = PBXVariantGroup;
			children = (
				1A93568713FC4C6500B04DE1 /* en */,
			);
			name = ViewController_iPad.xib;
			sourceTree = "<group>";
		};
		1A93569813FC4C6500B04DE1 /* InfoPlist.strings */ = {
			isa = PBXVariantGroup;
			children = (
				1A93569913FC4C6500B04DE1 /* en */,
			);
			name = InfoPlist.strings;
			sourceTree = "<group>";
		};
/* End PBXVariantGroup section */

/* Begin XCBuildConfiguration section */
		1A93569E13FC4C6500B04DE1 /* Debug */ = {
			isa = XCBuildConfiguration;
			buildSettings = {
				ALWAYS_SEARCH_USER_PATHS = NO;
				ARCHS = "$(ARCHS_STANDARD_32_BIT)";
				CLANG_ENABLE_OBJC_ARC = YES;
				"CODE_SIGN_IDENTITY[sdk=iphoneos*]" = "iPhone Developer";
				COPY_PHASE_STRIP = NO;
				GCC_C_LANGUAGE_STANDARD = gnu99;
				GCC_DYNAMIC_NO_PIC = NO;
				GCC_OPTIMIZATION_LEVEL = 0;
				GCC_PREPROCESSOR_DEFINITIONS = (
					"DEBUG=1",
					"$(inherited)",
				);
				GCC_SYMBOLS_PRIVATE_EXTERN = NO;
				GCC_VERSION = com.apple.compilers.llvm.clang.1_0;
				GCC_WARN_ABOUT_MISSING_PROTOTYPES = YES;
				GCC_WARN_ABOUT_RETURN_TYPE = YES;
				GCC_WARN_UNUSED_VARIABLE = YES;
				IPHONEOS_DEPLOYMENT_TARGET = 5.0;
				SDKROOT = iphoneos;
				STRIP_INSTALLED_PRODUCT = NO;
				TARGETED_DEVICE_FAMILY = "1,2";
			};
			name = Debug;
		};
		1A93569F13FC4C6500B04DE1 /* Release */ = {
			isa = XCBuildConfiguration;
			buildSettings = {
				ALWAYS_SEARCH_USER_PATHS = NO;
				ARCHS = "$(ARCHS_STANDARD_32_BIT)";
				CLANG_ENABLE_OBJC_ARC = YES;
				"CODE_SIGN_IDENTITY[sdk=iphoneos*]" = "iPhone Developer";
				COPY_PHASE_STRIP = YES;
				GCC_C_LANGUAGE_STANDARD = gnu99;
				GCC_VERSION = com.apple.compilers.llvm.clang.1_0;
				GCC_WARN_ABOUT_MISSING_PROTOTYPES = YES;
				GCC_WARN_ABOUT_RETURN_TYPE = YES;
				GCC_WARN_UNUSED_VARIABLE = YES;
				IPHONEOS_DEPLOYMENT_TARGET = 5.0;
				OTHER_CFLAGS = "-DNS_BLOCK_ASSERTIONS=1";
				SDKROOT = iphoneos;
				TARGETED_DEVICE_FAMILY = "1,2";
				VALIDATE_PRODUCT = YES;
			};
			name = Release;
		};
		1A9356A113FC4C6500B04DE1 /* Debug */ = {
			isa = XCBuildConfiguration;
			buildSettings = {
				CODE_SIGN_IDENTITY = "iPhone Developer";
				GCC_PRECOMPILE_PREFIX_HEADER = YES;
				GCC_PREFIX_HEADER = "boardtest/boardtest-Prefix.pch";
				INFOPLIST_FILE = "boardtest/boardtest-Info.plist";
				IPHONEOS_DEPLOYMENT_TARGET = 4.3;
				LIBRARY_SEARCH_PATHS = (
					"$(inherited)",
					"\"$(SRCROOT)/testflightSDK\"",
				);
				PRODUCT_NAME = "$(TARGET_NAME)";
				PROVISIONING_PROFILE = "";
				WRAPPER_EXTENSION = app;
			};
			name = Debug;
		};
		1A9356A213FC4C6500B04DE1 /* Release */ = {
			isa = XCBuildConfiguration;
			buildSettings = {
				CODE_SIGN_IDENTITY = "iPhone Developer";
				GCC_PRECOMPILE_PREFIX_HEADER = YES;
				GCC_PREFIX_HEADER = "boardtest/boardtest-Prefix.pch";
				INFOPLIST_FILE = "boardtest/boardtest-Info.plist";
				IPHONEOS_DEPLOYMENT_TARGET = 4.3;
				LIBRARY_SEARCH_PATHS = (
					"$(inherited)",
					"\"$(SRCROOT)/testflightSDK\"",
				);
				PRODUCT_NAME = "$(TARGET_NAME)";
				PROVISIONING_PROFILE = "";
				WRAPPER_EXTENSION = app;
			};
			name = Release;
		};
		1A9356A413FC4C6500B04DE1 /* Debug */ = {
			isa = XCBuildConfiguration;
			buildSettings = {
				BUNDLE_LOADER = "$(BUILT_PRODUCTS_DIR)/boardtest.app/boardtest";
				FRAMEWORK_SEARCH_PATHS = (
					"$(SDKROOT)/Developer/Library/Frameworks",
					"$(DEVELOPER_LIBRARY_DIR)/Frameworks",
				);
				GCC_PRECOMPILE_PREFIX_HEADER = YES;
				GCC_PREFIX_HEADER = "boardtest/boardtest-Prefix.pch";
				INFOPLIST_FILE = "boardtestTests/boardtestTests-Info.plist";
				PRODUCT_NAME = "$(TARGET_NAME)";
				TEST_HOST = "$(BUNDLE_LOADER)";
				WRAPPER_EXTENSION = octest;
			};
			name = Debug;
		};
		1A9356A513FC4C6500B04DE1 /* Release */ = {
			isa = XCBuildConfiguration;
			buildSettings = {
				BUNDLE_LOADER = "$(BUILT_PRODUCTS_DIR)/boardtest.app/boardtest";
				FRAMEWORK_SEARCH_PATHS = (
					"$(SDKROOT)/Developer/Library/Frameworks",
					"$(DEVELOPER_LIBRARY_DIR)/Frameworks",
				);
				GCC_PRECOMPILE_PREFIX_HEADER = YES;
				GCC_PREFIX_HEADER = "boardtest/boardtest-Prefix.pch";
				INFOPLIST_FILE = "boardtestTests/boardtestTests-Info.plist";
				PRODUCT_NAME = "$(TARGET_NAME)";
				TEST_HOST = "$(BUNDLE_LOADER)";
				WRAPPER_EXTENSION = octest;
			};
			name = Release;
		};
		1AC2CD6713FC511500FF8EC1 /* Ad Hoc */ = {
			isa = XCBuildConfiguration;
			buildSettings = {
				ALWAYS_SEARCH_USER_PATHS = NO;
				ARCHS = "$(ARCHS_STANDARD_32_BIT)";
				CLANG_ENABLE_OBJC_ARC = YES;
				"CODE_SIGN_IDENTITY[sdk=iphoneos*]" = "iPhone Developer";
				COPY_PHASE_STRIP = NO;
				GCC_C_LANGUAGE_STANDARD = gnu99;
				GCC_VERSION = com.apple.compilers.llvm.clang.1_0;
				GCC_WARN_ABOUT_MISSING_PROTOTYPES = YES;
				GCC_WARN_ABOUT_RETURN_TYPE = YES;
				GCC_WARN_UNUSED_VARIABLE = YES;
				IPHONEOS_DEPLOYMENT_TARGET = 5.0;
				OTHER_CFLAGS = "-DNS_BLOCK_ASSERTIONS=1";
				SDKROOT = iphoneos;
				STRIP_INSTALLED_PRODUCT = NO;
				TARGETED_DEVICE_FAMILY = "1,2";
				VALIDATE_PRODUCT = YES;
			};
			name = "Ad Hoc";
		};
		1AC2CD6813FC511500FF8EC1 /* Ad Hoc */ = {
			isa = XCBuildConfiguration;
			buildSettings = {
				CODE_SIGN_ENTITLEMENTS = Entitlements.plist;
				CODE_SIGN_IDENTITY = "iPhone Developer";
				"CODE_SIGN_IDENTITY[sdk=iphoneos*]" = "iPhone Developer";
				GCC_PRECOMPILE_PREFIX_HEADER = YES;
				GCC_PREFIX_HEADER = "boardtest/boardtest-Prefix.pch";
				INFOPLIST_FILE = "boardtest/boardtest-Info.plist";
				IPHONEOS_DEPLOYMENT_TARGET = 4.3;
				LIBRARY_SEARCH_PATHS = (
					"$(inherited)",
					"\"$(SRCROOT)/testflightSDK\"",
				);
				PRODUCT_NAME = "$(TARGET_NAME)";
				PROVISIONING_PROFILE = "";
				"PROVISIONING_PROFILE[sdk=iphoneos*]" = "";
				WRAPPER_EXTENSION = app;
			};
			name = "Ad Hoc";
		};
		1AC2CD6913FC511500FF8EC1 /* Ad Hoc */ = {
			isa = XCBuildConfiguration;
			buildSettings = {
				BUNDLE_LOADER = "$(BUILT_PRODUCTS_DIR)/boardtest.app/boardtest";
				FRAMEWORK_SEARCH_PATHS = (
					"$(SDKROOT)/Developer/Library/Frameworks",
					"$(DEVELOPER_LIBRARY_DIR)/Frameworks",
				);
				GCC_PRECOMPILE_PREFIX_HEADER = YES;
				GCC_PREFIX_HEADER = "boardtest/boardtest-Prefix.pch";
				INFOPLIST_FILE = "boardtestTests/boardtestTests-Info.plist";
				PRODUCT_NAME = "$(TARGET_NAME)";
				TEST_HOST = "$(BUNDLE_LOADER)";
				WRAPPER_EXTENSION = octest;
			};
			name = "Ad Hoc";
		};
/* End XCBuildConfiguration section */

/* Begin XCConfigurationList section */
		1A93566613FC4C6400B04DE1 /* Build configuration list for PBXProject "boardtest" */ = {
			isa = XCConfigurationList;
			buildConfigurations = (
				1A93569E13FC4C6500B04DE1 /* Debug */,
				1A93569F13FC4C6500B04DE1 /* Release */,
				1AC2CD6713FC511500FF8EC1 /* Ad Hoc */,
			);
			defaultConfigurationIsVisible = 0;
			defaultConfigurationName = Release;
		};
		1A9356A013FC4C6500B04DE1 /* Build configuration list for PBXNativeTarget "boardtest" */ = {
			isa = XCConfigurationList;
			buildConfigurations = (
				1A9356A113FC4C6500B04DE1 /* Debug */,
				1A9356A213FC4C6500B04DE1 /* Release */,
				1AC2CD6813FC511500FF8EC1 /* Ad Hoc */,
			);
			defaultConfigurationIsVisible = 0;
			defaultConfigurationName = Release;
		};
		1A9356A313FC4C6500B04DE1 /* Build configuration list for PBXNativeTarget "boardtestTests" */ = {
			isa = XCConfigurationList;
			buildConfigurations = (
				1A9356A413FC4C6500B04DE1 /* Debug */,
				1A9356A513FC4C6500B04DE1 /* Release */,
				1AC2CD6913FC511500FF8EC1 /* Ad Hoc */,
			);
			defaultConfigurationIsVisible = 0;
			defaultConfigurationName = Release;
		};
/* End XCConfigurationList section */
	};
	rootObject = 1A93566313FC4C6400B04DE1 /* Project object */;
}
